
Microsoft Visual Studio Solution File, Format Version 12.00
# Visual Studio 15
VisualStudioVersion = 15.0.27428.2015
MinimumVisualStudioVersion = 10.0.40219.1
Project("{9092AA53-FB77-4645-B42D-1CCCA6BD08BD}") = "Example", "Example\Example.njsproj", "{2A37D4DB-B1FD-4A55-B97B-E3E57D2C4EC3}"
EndProject
Global
	GlobalSection(SolutionConfigurationPlatforms) = preSolution
		Debug|Any CPU = Debug|Any CPU
		Release|Any CPU = Release|Any CPU
	EndGlobalSection
	GlobalSection(ProjectConfigurationPlatforms) = postSolution
		{2A37D4DB-B1FD-4A55-B97B-E3E57D2C4EC3}.Debug|Any CPU.ActiveCfg = Debug|Any CPU
		{2A37D4DB-B1FD-4A55-B97B-E3E57D2C4EC3}.Debug|Any CPU.Build.0 = Debug|Any CPU
		{2A37D4DB-B1FD-4A55-B97B-E3E57D2C4EC3}.Release|Any CPU.ActiveCfg = Release|Any CPU
		{2A37D4DB-B1FD-4A55-B97B-E3E57D2C4EC3}.Release|Any CPU.Build.0 = Release|Any CPU
	EndGlobalSection
	GlobalSection(SolutionProperties) = preSolution
		HideSolutionNode = FALSE
	EndGlobalSection
	GlobalSection(ExtensibilityGlobals) = postSolution
		SolutionGuid = {BB8A452A-91CD-444B-ABC3-E560FEEA5D34}
	EndGlobalSection
EndGlobal
